<?xml version="1.0" encoding="utf-8"?>
<Project ToolsVersion="4.0" xmlns="http://schemas.microsoft.com/developer/msbuild/2003">
  <ItemGroup>
    <Filter Include="소스 파일">
      <UniqueIdentifier>{4FC737F1-C7A5-4376-A066-2A32D752A2FF}</UniqueIdentifier>
      <Extensions>cpp;c;cc;cxx;c++;cppm;ixx;def;odl;idl;hpj;bat;asm;asmx</Extensions>
    </Filter>
    <Filter Include="헤더 파일">
      <UniqueIdentifier>{93995380-89BD-4b04-88EB-625FBE52EBFB}</UniqueIdentifier>
      <Extensions>h;hh;hpp;hxx;h++;hm;inl;inc;ipp;xsd</Extensions>
    </Filter>
    <Filter Include="리소스 파일">
      <UniqueIdentifier>{67DA6AB6-F800-4c08-8B7A-83BB121AAD01}</UniqueIdentifier>
      <Extensions>rc;ico;cur;bmp;dlg;rc2;rct;bin;rgs;gif;jpg;jpeg;jpe;resx;tiff;tif;png;wav;mfcribbon-ms</Extensions>
    </Filter>
  </ItemGroup>
  <ItemGroup>
    <ClInclude Include="Math\Vector2D.h">
      <Filter>헤더 파일</Filter>
    </ClInclude>
    <ClInclude Include="Math\Vector.h">
      <Filter>헤더 파일</Filter>
    </ClInclude>
    <ClInclude Include="Math\MathFwd.h">
      <Filter>헤더 파일</Filter>
    </ClInclude>
    <ClInclude Include="Logger\Logger.h">
      <Filter>헤더 파일</Filter>
    </ClInclude>
    <ClInclude Include="Utils\Time\Timer.h">
      <Filter>헤더 파일</Filter>
    </ClInclude>
    <ClInclude Include="File\FileManager.h">
      <Filter>헤더 파일</Filter>
    </ClInclude>
    <ClInclude Include="Common\CommonInclude.h">
      <Filter>헤더 파일</Filter>
    </ClInclude>
    <ClInclude Include="App\Window\Window.h">
      <Filter>헤더 파일</Filter>
    </ClInclude>
    <ClInclude Include="App\Events\Event.h">
      <Filter>헤더 파일</Filter>
    </ClInclude>
    <ClInclude Include="App\Input\InputManager.h">
      <Filter>헤더 파일</Filter>
    </ClInclude>
    <ClInclude Include="Graphics\Graphics.h">
      <Filter>헤더 파일</Filter>
    </ClInclude>
    <ClInclude Include="Graphics\Direct3D.h">
      <Filter>헤더 파일</Filter>
    </ClInclude>
    <ClInclude Include="Thirdparty\ImGui\imconfig.h">
      <Filter>헤더 파일</Filter>
    </ClInclude>
    <ClInclude Include="Thirdparty\ImGui\imgui.h">
      <Filter>헤더 파일</Filter>
    </ClInclude>
    <ClInclude Include="Thirdparty\ImGui\imgui_impl_dx11.h">
      <Filter>헤더 파일</Filter>
    </ClInclude>
    <ClInclude Include="Thirdparty\ImGui\imgui_impl_win32.h">
      <Filter>헤더 파일</Filter>
    </ClInclude>
    <ClInclude Include="Thirdparty\ImGui\imgui_internal.h">
      <Filter>헤더 파일</Filter>
    </ClInclude>
    <ClInclude Include="Thirdparty\ImGui\imstb_rectpack.h">
      <Filter>헤더 파일</Filter>
    </ClInclude>
    <ClInclude Include="Thirdparty\ImGui\imstb_textedit.h">
      <Filter>헤더 파일</Filter>
    </ClInclude>
    <ClInclude Include="Thirdparty\ImGui\imstb_truetype.h">
      <Filter>헤더 파일</Filter>
    </ClInclude>
    <ClInclude Include="Graphics\Context.h">
      <Filter>헤더 파일</Filter>
    </ClInclude>
    <ClInclude Include="EngineHelper.h">
      <Filter>헤더 파일</Filter>
    </ClInclude>
  </ItemGroup>
  <ItemGroup>
    <ClCompile Include="main.cpp">
      <Filter>소스 파일</Filter>
    </ClCompile>
    <ClCompile Include="Math\Math.cpp">
      <Filter>소스 파일</Filter>
    </ClCompile>
    <ClCompile Include="Math\MathUtility.h">
      <Filter>소스 파일</Filter>
    </ClCompile>
    <ClCompile Include="Logger\Logger.cpp">
      <Filter>소스 파일</Filter>
    </ClCompile>
    <ClCompile Include="Utils\Time\Timer.cpp">
      <Filter>소스 파일</Filter>
    </ClCompile>
    <ClCompile Include="File\FileManager.cpp">
      <Filter>소스 파일</Filter>
    </ClCompile>
    <ClCompile Include="App\Window\Window.cpp">
      <Filter>소스 파일</Filter>
    </ClCompile>
    <ClCompile Include="App\Events\Event.cpp">
      <Filter>소스 파일</Filter>
    </ClCompile>
    <ClCompile Include="App\Input\InputManager.cpp">
      <Filter>소스 파일</Filter>
    </ClCompile>
    <ClCompile Include="Graphics\Graphics.cpp">
      <Filter>소스 파일</Filter>
    </ClCompile>
    <ClCompile Include="Graphics\Direct3D.cpp">
      <Filter>소스 파일</Filter>
    </ClCompile>
    <ClCompile Include="Thirdparty\ImGui\imgui.cpp">
      <Filter>소스 파일</Filter>
    </ClCompile>
    <ClCompile Include="Thirdparty\ImGui\imgui_draw.cpp">
      <Filter>소스 파일</Filter>
    </ClCompile>
    <ClCompile Include="Thirdparty\ImGui\imgui_impl_dx11.cpp">
      <Filter>소스 파일</Filter>
    </ClCompile>
    <ClCompile Include="Thirdparty\ImGui\imgui_impl_win32.cpp">
      <Filter>소스 파일</Filter>
    </ClCompile>
    <ClCompile Include="Thirdparty\ImGui\imgui_tables.cpp">
      <Filter>소스 파일</Filter>
    </ClCompile>
    <ClCompile Include="Thirdparty\ImGui\imgui_widgets.cpp">
      <Filter>소스 파일</Filter>
    </ClCompile>
    <ClCompile Include="Graphics\Context.cpp">
      <Filter>소스 파일</Filter>
    </ClCompile>
    <ClCompile Include="EngineHelper.cpp">
      <Filter>소스 파일</Filter>
    </ClCompile>
  </ItemGroup>
</Project>